PODS:
  - Gifu (3.3.1)
  - ProgressHUD (13.7.2)

DEPENDENCIES:
  - Gifu
  - ProgressHUD

SPEC REPOS:
  trunk:
    - Gifu
    - ProgressHUD

SPEC CHECKSUMS:
  Gifu: 416d4e38c4c2fed012f019e0a1d3ffcb58e5b842
  ProgressHUD: 093d24ca970f191744017bee2649e37d0cd1c5b9

PODFILE CHECKSUM: 08080238e772bd61fbc9ec552c2e9d0317f9227e

COCOAPODS: 1.12.1
